
Microsoft Visual Studio Solution File, Format Version 12.00
# Visual Studio Version 17
VisualStudioVersion = 17.0.31903.59
MinimumVisualStudioVersion = 10.0.40219.1
Project("{2150E333-8FDC-42A3-9474-1A3956D46DE8}") = "src", "src", "{827E0CD3-B72D-47B6-A68D-7590B98EB39B}"
EndProject
Project("{FAE04EC0-301F-11D3-BF4B-00C04F79EFBC}") = "SwarmGrid.Api", "src\SwarmGrid.Api\SwarmGrid.Api.csproj", "{D3177524-7523-4822-BA55-7DAD23D11A46}"
EndProject
Project("{FAE04EC0-301F-11D3-BF4B-00C04F79EFBC}") = "SwarmGrid.Application", "src\SwarmGrid.Application\SwarmGrid.Application.csproj", "{1BB8CB71-6EB5-438D-BC08-BDF782080859}"
EndProject
Project("{FAE04EC0-301F-11D3-BF4B-00C04F79EFBC}") = "SwarmGrid.Domain", "src\SwarmGrid.Domain\SwarmGrid.Domain.csproj", "{849502A2-94BF-4D3F-B8C7-8C68EBDD9F5F}"
EndProject
Project("{FAE04EC0-301F-11D3-BF4B-00C04F79EFBC}") = "SwarmGrid.Infrastructure", "src\SwarmGrid.Infrastructure\SwarmGrid.Infrastructure.csproj", "{70E9CC5A-0809-49EC-A055-4C50900C8BB6}"
EndProject
Global
	GlobalSection(SolutionConfigurationPlatforms) = preSolution
		Debug|Any CPU = Debug|Any CPU
		Debug|x64 = Debug|x64
		Debug|x86 = Debug|x86
		Release|Any CPU = Release|Any CPU
		Release|x64 = Release|x64
		Release|x86 = Release|x86
	EndGlobalSection
	GlobalSection(ProjectConfigurationPlatforms) = postSolution
		{D3177524-7523-4822-BA55-7DAD23D11A46}.Debug|Any CPU.ActiveCfg = Debug|Any CPU
		{D3177524-7523-4822-BA55-7DAD23D11A46}.Debug|Any CPU.Build.0 = Debug|Any CPU
		{D3177524-7523-4822-BA55-7DAD23D11A46}.Debug|x64.ActiveCfg = Debug|Any CPU
		{D3177524-7523-4822-BA55-7DAD23D11A46}.Debug|x64.Build.0 = Debug|Any CPU
		{D3177524-7523-4822-BA55-7DAD23D11A46}.Debug|x86.ActiveCfg = Debug|Any CPU
		{D3177524-7523-4822-BA55-7DAD23D11A46}.Debug|x86.Build.0 = Debug|Any CPU
		{D3177524-7523-4822-BA55-7DAD23D11A46}.Release|Any CPU.ActiveCfg = Release|Any CPU
		{D3177524-7523-4822-BA55-7DAD23D11A46}.Release|Any CPU.Build.0 = Release|Any CPU
		{D3177524-7523-4822-BA55-7DAD23D11A46}.Release|x64.ActiveCfg = Release|Any CPU
		{D3177524-7523-4822-BA55-7DAD23D11A46}.Release|x64.Build.0 = Release|Any CPU
		{D3177524-7523-4822-BA55-7DAD23D11A46}.Release|x86.ActiveCfg = Release|Any CPU
		{D3177524-7523-4822-BA55-7DAD23D11A46}.Release|x86.Build.0 = Release|Any CPU
		{1BB8CB71-6EB5-438D-BC08-BDF782080859}.Debug|Any CPU.ActiveCfg = Debug|Any CPU
		{1BB8CB71-6EB5-438D-BC08-BDF782080859}.Debug|Any CPU.Build.0 = Debug|Any CPU
		{1BB8CB71-6EB5-438D-BC08-BDF782080859}.Debug|x64.ActiveCfg = Debug|Any CPU
		{1BB8CB71-6EB5-438D-BC08-BDF782080859}.Debug|x64.Build.0 = Debug|Any CPU
		{1BB8CB71-6EB5-438D-BC08-BDF782080859}.Debug|x86.ActiveCfg = Debug|Any CPU
		{1BB8CB71-6EB5-438D-BC08-BDF782080859}.Debug|x86.Build.0 = Debug|Any CPU
		{1BB8CB71-6EB5-438D-BC08-BDF782080859}.Release|Any CPU.ActiveCfg = Release|Any CPU
		{1BB8CB71-6EB5-438D-BC08-BDF782080859}.Release|Any CPU.Build.0 = Release|Any CPU
		{1BB8CB71-6EB5-438D-BC08-BDF782080859}.Release|x64.ActiveCfg = Release|Any CPU
		{1BB8CB71-6EB5-438D-BC08-BDF782080859}.Release|x64.Build.0 = Release|Any CPU
		{1BB8CB71-6EB5-438D-BC08-BDF782080859}.Release|x86.ActiveCfg = Release|Any CPU
		{1BB8CB71-6EB5-438D-BC08-BDF782080859}.Release|x86.Build.0 = Release|Any CPU
		{849502A2-94BF-4D3F-B8C7-8C68EBDD9F5F}.Debug|Any CPU.ActiveCfg = Debug|Any CPU
		{849502A2-94BF-4D3F-B8C7-8C68EBDD9F5F}.Debug|Any CPU.Build.0 = Debug|Any CPU
		{849502A2-94BF-4D3F-B8C7-8C68EBDD9F5F}.Debug|x64.ActiveCfg = Debug|Any CPU
		{849502A2-94BF-4D3F-B8C7-8C68EBDD9F5F}.Debug|x64.Build.0 = Debug|Any CPU
		{849502A2-94BF-4D3F-B8C7-8C68EBDD9F5F}.Debug|x86.ActiveCfg = Debug|Any CPU
		{849502A2-94BF-4D3F-B8C7-8C68EBDD9F5F}.Debug|x86.Build.0 = Debug|Any CPU
		{849502A2-94BF-4D3F-B8C7-8C68EBDD9F5F}.Release|Any CPU.ActiveCfg = Release|Any CPU
		{849502A2-94BF-4D3F-B8C7-8C68EBDD9F5F}.Release|Any CPU.Build.0 = Release|Any CPU
		{849502A2-94BF-4D3F-B8C7-8C68EBDD9F5F}.Release|x64.ActiveCfg = Release|Any CPU
		{849502A2-94BF-4D3F-B8C7-8C68EBDD9F5F}.Release|x64.Build.0 = Release|Any CPU
		{849502A2-94BF-4D3F-B8C7-8C68EBDD9F5F}.Release|x86.ActiveCfg = Release|Any CPU
		{849502A2-94BF-4D3F-B8C7-8C68EBDD9F5F}.Release|x86.Build.0 = Release|Any CPU
		{70E9CC5A-0809-49EC-A055-4C50900C8BB6}.Debug|Any CPU.ActiveCfg = Debug|Any CPU
		{70E9CC5A-0809-49EC-A055-4C50900C8BB6}.Debug|Any CPU.Build.0 = Debug|Any CPU
		{70E9CC5A-0809-49EC-A055-4C50900C8BB6}.Debug|x64.ActiveCfg = Debug|Any CPU
		{70E9CC5A-0809-49EC-A055-4C50900C8BB6}.Debug|x64.Build.0 = Debug|Any CPU
		{70E9CC5A-0809-49EC-A055-4C50900C8BB6}.Debug|x86.ActiveCfg = Debug|Any CPU
		{70E9CC5A-0809-49EC-A055-4C50900C8BB6}.Debug|x86.Build.0 = Debug|Any CPU
		{70E9CC5A-0809-49EC-A055-4C50900C8BB6}.Release|Any CPU.ActiveCfg = Release|Any CPU
		{70E9CC5A-0809-49EC-A055-4C50900C8BB6}.Release|Any CPU.Build.0 = Release|Any CPU
		{70E9CC5A-0809-49EC-A055-4C50900C8BB6}.Release|x64.ActiveCfg = Release|Any CPU
		{70E9CC5A-0809-49EC-A055-4C50900C8BB6}.Release|x64.Build.0 = Release|Any CPU
		{70E9CC5A-0809-49EC-A055-4C50900C8BB6}.Release|x86.ActiveCfg = Release|Any CPU
		{70E9CC5A-0809-49EC-A055-4C50900C8BB6}.Release|x86.Build.0 = Release|Any CPU
	EndGlobalSection
	GlobalSection(SolutionProperties) = preSolution
		HideSolutionNode = FALSE
	EndGlobalSection
	GlobalSection(NestedProjects) = preSolution
		{D3177524-7523-4822-BA55-7DAD23D11A46} = {827E0CD3-B72D-47B6-A68D-7590B98EB39B}
		{1BB8CB71-6EB5-438D-BC08-BDF782080859} = {827E0CD3-B72D-47B6-A68D-7590B98EB39B}
		{849502A2-94BF-4D3F-B8C7-8C68EBDD9F5F} = {827E0CD3-B72D-47B6-A68D-7590B98EB39B}
		{70E9CC5A-0809-49EC-A055-4C50900C8BB6} = {827E0CD3-B72D-47B6-A68D-7590B98EB39B}
	EndGlobalSection
EndGlobal
